<?xml version="1.0" encoding="utf-8"?>
<Project ToolsVersion="4.0" xmlns="http://schemas.microsoft.com/developer/msbuild/2003">
  <ItemGroup>
    <Filter Include="App">
      <UniqueIdentifier>{783d09f4-67f0-4248-8a85-11f4a0e30e00}</UniqueIdentifier>
    </Filter>
    <Filter Include="AppRunner">
      <UniqueIdentifier>{6a2d38e9-57b8-4a6f-a12a-84c3177d06ca}</UniqueIdentifier>
    </Filter>
    <Filter Include="BackBuffer">
      <UniqueIdentifier>{5a0e03f3-b108-4a3e-8938-dbb80a885c91}</UniqueIdentifier>
    </Filter>
    <Filter Include="Main">
      <UniqueIdentifier>{4FC737F1-C7A5-4376-A066-2A32D752A2FF}</UniqueIdentifier>
      <Extensions>cpp;c;cc;cxx;def;odl;idl;hpj;bat;asm;asmx</Extensions>
    </Filter>
    <Filter Include="Main\Subs">
      <UniqueIdentifier>{142049bd-60a6-4b9f-ad4e-180044e06697}</UniqueIdentifier>
    </Filter>
    <Filter Include="Main\Subs\Resources">
      <UniqueIdentifier>{67DA6AB6-F800-4c08-8B7A-83BB121AAD01}</UniqueIdentifier>
      <Extensions>rc;ico;cur;bmp;dlg;rc2;rct;bin;rgs;gif;jpg;jpeg;jpe;resx;tiff;tif;png;wav;mfcribbon-ms</Extensions>
    </Filter>
    <Filter Include="Object">
      <UniqueIdentifier>{2fd4f174-172c-48f8-a883-9ea1d29612cc}</UniqueIdentifier>
    </Filter>
    <Filter Include="Scene">
      <UniqueIdentifier>{ee16e140-5c68-4ca5-a1dd-9bc40d5c36ea}</UniqueIdentifier>
    </Filter>
    <Filter Include="Singleton">
      <UniqueIdentifier>{c5cb5604-6d32-4041-9c9f-eb0ed57ce9c0}</UniqueIdentifier>
    </Filter>
    <Filter Include="Timer">
      <UniqueIdentifier>{69acea2a-a190-4921-b08a-1e6cd65e4ba6}</UniqueIdentifier>
    </Filter>
    <Filter Include="Vector">
      <UniqueIdentifier>{3ef4654f-b157-414e-953a-d4040917db28}</UniqueIdentifier>
    </Filter>
    <Filter Include="Sound">
      <UniqueIdentifier>{9e261b98-6d11-4202-993d-95b4c0126559}</UniqueIdentifier>
    </Filter>
    <Filter Include="Render">
      <UniqueIdentifier>{effda44c-362f-4712-967d-3d4c36eb6401}</UniqueIdentifier>
    </Filter>
    <Filter Include="Scene\Main">
      <UniqueIdentifier>{8218e7ca-7915-4849-9739-b97dd294bd86}</UniqueIdentifier>
    </Filter>
    <Filter Include="Scene\Title">
      <UniqueIdentifier>{5007e8ba-0812-4bfb-bd80-0db55d8a625f}</UniqueIdentifier>
    </Filter>
    <Filter Include="Scene\Other">
      <UniqueIdentifier>{69de16ae-b810-41c5-98ec-336322fcd8b0}</UniqueIdentifier>
    </Filter>
    <Filter Include="Scene\Test">
      <UniqueIdentifier>{6d0c2b2d-5f2c-460b-a677-06bf3098aaa7}</UniqueIdentifier>
    </Filter>
    <Filter Include="IOManager">
      <UniqueIdentifier>{74f2f654-5916-4a8b-8012-89071a8dcb62}</UniqueIdentifier>
    </Filter>
    <Filter Include="IOManager\FileStream">
      <UniqueIdentifier>{e9e58a48-b489-4911-9355-9b88d3a7cc4e}</UniqueIdentifier>
    </Filter>
    <Filter Include="IOManager\JSON">
      <UniqueIdentifier>{1b5c337c-790b-4a87-abbb-543e210a87f6}</UniqueIdentifier>
    </Filter>
    <Filter Include="Object\Bullet">
      <UniqueIdentifier>{b286871a-7f17-4d6c-9033-08d6840a3f15}</UniqueIdentifier>
    </Filter>
    <Filter Include="Object\ObjectManager">
      <UniqueIdentifier>{8c19c938-1cfa-4ea6-9675-1ba3af031604}</UniqueIdentifier>
    </Filter>
    <Filter Include="Object\Bullet\N-Way">
      <UniqueIdentifier>{605129c1-4b9b-42bd-b936-4a25b732cd45}</UniqueIdentifier>
    </Filter>
    <Filter Include="Object\Bullet\Drop">
      <UniqueIdentifier>{34700f67-ab61-47b8-b494-0e3ec2266e47}</UniqueIdentifier>
    </Filter>
    <Filter Include="Object\Bullet\Split">
      <UniqueIdentifier>{a5daf5f8-e7e6-47ac-a4c9-886d125937b8}</UniqueIdentifier>
    </Filter>
    <Filter Include="Object\Bullet\Circular">
      <UniqueIdentifier>{a4ca6d44-c2b8-4979-b554-5de48a738afa}</UniqueIdentifier>
    </Filter>
  </ItemGroup>
  <ItemGroup>
    <ClInclude Include="stdafx.h">
      <Filter>Main</Filter>
    </ClInclude>
    <ClInclude Include="Resource.h">
      <Filter>Main\Subs\Resources</Filter>
    </ClInclude>
    <ClInclude Include="CAppRunner.h">
      <Filter>AppRunner</Filter>
    </ClInclude>
    <ClInclude Include="CGameApp.h">
      <Filter>App</Filter>
    </ClInclude>
    <ClInclude Include="CBackBuffer.h">
      <Filter>BackBuffer</Filter>
    </ClInclude>
    <ClInclude Include="CGameObject.h">
      <Filter>Object</Filter>
    </ClInclude>
    <ClInclude Include="CScene.h">
      <Filter>Scene</Filter>
    </ClInclude>
    <ClInclude Include="Singleton.h">
      <Filter>Singleton</Filter>
    </ClInclude>
    <ClInclude Include="CTimer.h">
      <Filter>Timer</Filter>
    </ClInclude>
    <ClInclude Include="Vector2D.h">
      <Filter>Vector</Filter>
    </ClInclude>
    <ClInclude Include="targetver.h">
      <Filter>Main\Subs</Filter>
    </ClInclude>
    <ClInclude Include="CSoundPlayer.h">
      <Filter>Sound</Filter>
    </ClInclude>
    <ClInclude Include="CRenderer.h">
      <Filter>Render</Filter>
    </ClInclude>
    <ClInclude Include="CSprite.h">
      <Filter>Render</Filter>
    </ClInclude>
    <ClInclude Include="CNullScene.h">
      <Filter>Scene\Other</Filter>
    </ClInclude>
    <ClInclude Include="CTitleScene.h">
      <Filter>Scene\Title</Filter>
    </ClInclude>
    <ClInclude Include="CMainScene.h">
      <Filter>Scene\Main</Filter>
    </ClInclude>
    <ClInclude Include="CTestScene.h">
      <Filter>Scene\Test</Filter>
    </ClInclude>
    <ClInclude Include="CBackground.h">
      <Filter>Render</Filter>
    </ClInclude>
    <ClInclude Include="Main.h">
      <Filter>Main\Subs</Filter>
    </ClInclude>
    <ClInclude Include="CPlayer.h">
      <Filter>Object</Filter>
    </ClInclude>
    <ClInclude Include="CIOManager.h">
      <Filter>IOManager</Filter>
    </ClInclude>
    <ClInclude Include="CJson.h">
      <Filter>IOManager\JSON</Filter>
    </ClInclude>
    <ClInclude Include="CFileStream.h">
      <Filter>IOManager\FileStream</Filter>
    </ClInclude>
    <ClInclude Include="CBullet.h">
      <Filter>Object\Bullet</Filter>
    </ClInclude>
    <ClInclude Include="CObjectManager.h">
      <Filter>Object\ObjectManager</Filter>
    </ClInclude>
    <ClInclude Include="CSplitBullet.h">
      <Filter>Object\Bullet\Split</Filter>
    </ClInclude>
    <ClInclude Include="CDropBullet.h">
      <Filter>Object\Bullet\Drop</Filter>
    </ClInclude>
    <ClInclude Include="CNWayBullet.h">
      <Filter>Object\Bullet\N-Way</Filter>
    </ClInclude>
    <ClInclude Include="CCircularBullet.h">
      <Filter>Object\Bullet\Circular</Filter>
    </ClInclude>
  </ItemGroup>
  <ItemGroup>
    <ClCompile Include="CAppRunner.cpp">
      <Filter>AppRunner</Filter>
    </ClCompile>
    <ClCompile Include="CGameApp.cpp">
      <Filter>App</Filter>
    </ClCompile>
    <ClCompile Include="CBackBuffer.cpp">
      <Filter>BackBuffer</Filter>
    </ClCompile>
    <ClCompile Include="CGameObject.cpp">
      <Filter>Object</Filter>
    </ClCompile>
    <ClCompile Include="CScene.cpp">
      <Filter>Scene</Filter>
    </ClCompile>
    <ClCompile Include="CTimer.cpp">
      <Filter>Timer</Filter>
    </ClCompile>
    <ClCompile Include="stdafx.cpp">
      <Filter>Main\Subs</Filter>
    </ClCompile>
    <ClCompile Include="CSoundPlayer.cpp">
      <Filter>Sound</Filter>
    </ClCompile>
    <ClCompile Include="CRenderer.cpp">
      <Filter>Render</Filter>
    </ClCompile>
    <ClCompile Include="CSprite.cpp">
      <Filter>Render</Filter>
    </ClCompile>
    <ClCompile Include="CNullScene.cpp">
      <Filter>Scene\Other</Filter>
    </ClCompile>
    <ClCompile Include="CTitleScene.cpp">
      <Filter>Scene\Title</Filter>
    </ClCompile>
    <ClCompile Include="CMainScene.cpp">
      <Filter>Scene\Main</Filter>
    </ClCompile>
    <ClCompile Include="CTestScene.cpp">
      <Filter>Scene\Test</Filter>
    </ClCompile>
    <ClCompile Include="CBackground.cpp">
      <Filter>Render</Filter>
    </ClCompile>
    <ClCompile Include="Main.cpp">
      <Filter>Main</Filter>
    </ClCompile>
    <ClCompile Include="CPlayer.cpp">
      <Filter>Object</Filter>
    </ClCompile>
    <ClCompile Include="CIOManager.cpp">
      <Filter>IOManager</Filter>
    </ClCompile>
    <ClCompile Include="CJson.cpp">
      <Filter>IOManager\JSON</Filter>
    </ClCompile>
    <ClCompile Include="CFileStream.cpp">
      <Filter>IOManager\FileStream</Filter>
    </ClCompile>
    <ClCompile Include="CBullet.cpp">
      <Filter>Object\Bullet</Filter>
    </ClCompile>
    <ClCompile Include="CObjectManager.cpp">
      <Filter>Object\ObjectManager</Filter>
    </ClCompile>
    <ClCompile Include="CSplitBullet.cpp">
      <Filter>Object\Bullet\Split</Filter>
    </ClCompile>
    <ClCompile Include="CDropBullet.cpp">
      <Filter>Object\Bullet\Drop</Filter>
    </ClCompile>
    <ClCompile Include="CNWayBullet.cpp">
      <Filter>Object\Bullet\N-Way</Filter>
    </ClCompile>
    <ClCompile Include="CCircularBullet.cpp">
      <Filter>Object\Bullet\Circular</Filter>
    </ClCompile>
  </ItemGroup>
  <ItemGroup>
    <ResourceCompile Include="ShootingGame.rc">
      <Filter>Main\Subs\Resources</Filter>
    </ResourceCompile>
  </ItemGroup>
  <ItemGroup>
    <Image Include="small.ico">
      <Filter>Main\Subs\Resources</Filter>
    </Image>
    <Image Include="ShootingGame.ico">
      <Filter>Main\Subs\Resources</Filter>
    </Image>
  </ItemGroup>
</Project>